<?xml version="1.0" encoding="utf-8"?>
<Project ToolsVersion="4.0" xmlns="http://schemas.microsoft.com/developer/msbuild/2003">
  <ItemGroup>
    <ClCompile Include="main.cpp" />
    <ClCompile Include="manu_fuzzy_logic.cpp" />
    <ClCompile Include="robot_AI.cpp" />
    <ClCompile Include="MapDraw.cpp" />
    <ClCompile Include="C:\UtilsAndLs\fuzzylite-6.0\fuzzylite\src\term\Activated.cpp">
      <Filter>FuzzyLib</Filter>
    </ClCompile>
    <ClCompile Include="C:\UtilsAndLs\fuzzylite-6.0\fuzzylite\src\factory\ActivationFactory.cpp">
      <Filter>FuzzyLib</Filter>
    </ClCompile>
    <ClCompile Include="C:\UtilsAndLs\fuzzylite-6.0\fuzzylite\src\term\Aggregated.cpp">
      <Filter>FuzzyLib</Filter>
    </ClCompile>
    <ClCompile Include="C:\UtilsAndLs\fuzzylite-6.0\fuzzylite\src\norm\t\AlgebraicProduct.cpp">
      <Filter>FuzzyLib</Filter>
    </ClCompile>
    <ClCompile Include="C:\UtilsAndLs\fuzzylite-6.0\fuzzylite\src\norm\s\AlgebraicSum.cpp">
      <Filter>FuzzyLib</Filter>
    </ClCompile>
    <ClCompile Include="C:\UtilsAndLs\fuzzylite-6.0\fuzzylite\src\rule\Antecedent.cpp">
      <Filter>FuzzyLib</Filter>
    </ClCompile>
    <ClCompile Include="C:\UtilsAndLs\fuzzylite-6.0\fuzzylite\src\hedge\Any.cpp">
      <Filter>FuzzyLib</Filter>
    </ClCompile>
    <ClCompile Include="C:\UtilsAndLs\fuzzylite-6.0\fuzzylite\src\term\Bell.cpp">
      <Filter>FuzzyLib</Filter>
    </ClCompile>
    <ClCompile Include="C:\UtilsAndLs\fuzzylite-6.0\fuzzylite\src\Benchmark.cpp">
      <Filter>FuzzyLib</Filter>
    </ClCompile>
    <ClCompile Include="C:\UtilsAndLs\fuzzylite-6.0\fuzzylite\src\term\Binary.cpp">
      <Filter>FuzzyLib</Filter>
    </ClCompile>
    <ClCompile Include="C:\UtilsAndLs\fuzzylite-6.0\fuzzylite\src\defuzzifier\Bisector.cpp">
      <Filter>FuzzyLib</Filter>
    </ClCompile>
    <ClCompile Include="C:\UtilsAndLs\fuzzylite-6.0\fuzzylite\src\norm\t\BoundedDifference.cpp">
      <Filter>FuzzyLib</Filter>
    </ClCompile>
    <ClCompile Include="C:\UtilsAndLs\fuzzylite-6.0\fuzzylite\src\norm\s\BoundedSum.cpp">
      <Filter>FuzzyLib</Filter>
    </ClCompile>
    <ClCompile Include="C:\UtilsAndLs\fuzzylite-6.0\fuzzylite\src\defuzzifier\Centroid.cpp">
      <Filter>FuzzyLib</Filter>
    </ClCompile>
    <ClCompile Include="C:\UtilsAndLs\fuzzylite-6.0\fuzzylite\src\Complexity.cpp">
      <Filter>FuzzyLib</Filter>
    </ClCompile>
    <ClCompile Include="C:\UtilsAndLs\fuzzylite-6.0\fuzzylite\src\term\Concave.cpp">
      <Filter>FuzzyLib</Filter>
    </ClCompile>
    <ClCompile Include="C:\UtilsAndLs\fuzzylite-6.0\fuzzylite\src\rule\Consequent.cpp">
      <Filter>FuzzyLib</Filter>
    </ClCompile>
    <ClCompile Include="C:\UtilsAndLs\fuzzylite-6.0\fuzzylite\src\Console.cpp">
      <Filter>FuzzyLib</Filter>
    </ClCompile>
    <ClCompile Include="C:\UtilsAndLs\fuzzylite-6.0\fuzzylite\src\term\Constant.cpp">
      <Filter>FuzzyLib</Filter>
    </ClCompile>
    <ClCompile Include="C:\UtilsAndLs\fuzzylite-6.0\fuzzylite\src\term\Cosine.cpp">
      <Filter>FuzzyLib</Filter>
    </ClCompile>
    <ClCompile Include="C:\UtilsAndLs\fuzzylite-6.0\fuzzylite\src\imex\CppExporter.cpp">
      <Filter>FuzzyLib</Filter>
    </ClCompile>
    <ClCompile Include="C:\UtilsAndLs\fuzzylite-6.0\fuzzylite\src\factory\DefuzzifierFactory.cpp">
      <Filter>FuzzyLib</Filter>
    </ClCompile>
    <ClCompile Include="C:\UtilsAndLs\fuzzylite-6.0\fuzzylite\src\term\Discrete.cpp">
      <Filter>FuzzyLib</Filter>
    </ClCompile>
    <ClCompile Include="C:\UtilsAndLs\fuzzylite-6.0\fuzzylite\src\norm\t\DrasticProduct.cpp">
      <Filter>FuzzyLib</Filter>
    </ClCompile>
    <ClCompile Include="C:\UtilsAndLs\fuzzylite-6.0\fuzzylite\src\norm\s\DrasticSum.cpp">
      <Filter>FuzzyLib</Filter>
    </ClCompile>
    <ClCompile Include="C:\UtilsAndLs\fuzzylite-6.0\fuzzylite\src\norm\t\EinsteinProduct.cpp">
      <Filter>FuzzyLib</Filter>
    </ClCompile>
    <ClCompile Include="C:\UtilsAndLs\fuzzylite-6.0\fuzzylite\src\norm\s\EinsteinSum.cpp">
      <Filter>FuzzyLib</Filter>
    </ClCompile>
    <ClCompile Include="C:\UtilsAndLs\fuzzylite-6.0\fuzzylite\src\Engine.cpp">
      <Filter>FuzzyLib</Filter>
    </ClCompile>
    <ClCompile Include="C:\UtilsAndLs\fuzzylite-6.0\fuzzylite\src\Exception.cpp">
      <Filter>FuzzyLib</Filter>
    </ClCompile>
    <ClCompile Include="C:\UtilsAndLs\fuzzylite-6.0\fuzzylite\src\imex\Exporter.cpp">
      <Filter>FuzzyLib</Filter>
    </ClCompile>
    <ClCompile Include="C:\UtilsAndLs\fuzzylite-6.0\fuzzylite\src\rule\Expression.cpp">
      <Filter>FuzzyLib</Filter>
    </ClCompile>
    <ClCompile Include="C:\UtilsAndLs\fuzzylite-6.0\fuzzylite\src\hedge\Extremely.cpp">
      <Filter>FuzzyLib</Filter>
    </ClCompile>
    <ClCompile Include="C:\UtilsAndLs\fuzzylite-6.0\fuzzylite\src\factory\FactoryManager.cpp">
      <Filter>FuzzyLib</Filter>
    </ClCompile>
    <ClCompile Include="C:\UtilsAndLs\fuzzylite-6.0\fuzzylite\src\imex\FclExporter.cpp">
      <Filter>FuzzyLib</Filter>
    </ClCompile>
    <ClCompile Include="C:\UtilsAndLs\fuzzylite-6.0\fuzzylite\src\imex\FclImporter.cpp">
      <Filter>FuzzyLib</Filter>
    </ClCompile>
    <ClCompile Include="C:\UtilsAndLs\fuzzylite-6.0\fuzzylite\src\activation\First.cpp">
      <Filter>FuzzyLib</Filter>
    </ClCompile>
    <ClCompile Include="C:\UtilsAndLs\fuzzylite-6.0\fuzzylite\src\imex\FisExporter.cpp">
      <Filter>FuzzyLib</Filter>
    </ClCompile>
    <ClCompile Include="C:\UtilsAndLs\fuzzylite-6.0\fuzzylite\src\imex\FisImporter.cpp">
      <Filter>FuzzyLib</Filter>
    </ClCompile>
    <ClCompile Include="C:\UtilsAndLs\fuzzylite-6.0\fuzzylite\src\imex\FldExporter.cpp">
      <Filter>FuzzyLib</Filter>
    </ClCompile>
    <ClCompile Include="C:\UtilsAndLs\fuzzylite-6.0\fuzzylite\src\imex\FllExporter.cpp">
      <Filter>FuzzyLib</Filter>
    </ClCompile>
    <ClCompile Include="C:\UtilsAndLs\fuzzylite-6.0\fuzzylite\src\imex\FllImporter.cpp">
      <Filter>FuzzyLib</Filter>
    </ClCompile>
    <ClCompile Include="C:\UtilsAndLs\fuzzylite-6.0\fuzzylite\src\term\Function.cpp">
      <Filter>FuzzyLib</Filter>
    </ClCompile>
    <ClCompile Include="C:\UtilsAndLs\fuzzylite-6.0\fuzzylite\src\factory\FunctionFactory.cpp">
      <Filter>FuzzyLib</Filter>
    </ClCompile>
    <ClCompile Include="C:\UtilsAndLs\fuzzylite-6.0\fuzzylite\src\fuzzylite.cpp">
      <Filter>FuzzyLib</Filter>
    </ClCompile>
    <ClCompile Include="C:\UtilsAndLs\fuzzylite-6.0\fuzzylite\src\term\Gaussian.cpp">
      <Filter>FuzzyLib</Filter>
    </ClCompile>
    <ClCompile Include="C:\UtilsAndLs\fuzzylite-6.0\fuzzylite\src\term\GaussianProduct.cpp">
      <Filter>FuzzyLib</Filter>
    </ClCompile>
    <ClCompile Include="C:\UtilsAndLs\fuzzylite-6.0\fuzzylite\src\activation\General.cpp">
      <Filter>FuzzyLib</Filter>
    </ClCompile>
    <ClCompile Include="C:\UtilsAndLs\fuzzylite-6.0\fuzzylite\src\norm\t\HamacherProduct.cpp">
      <Filter>FuzzyLib</Filter>
    </ClCompile>
    <ClCompile Include="C:\UtilsAndLs\fuzzylite-6.0\fuzzylite\src\norm\s\HamacherSum.cpp">
      <Filter>FuzzyLib</Filter>
    </ClCompile>
    <ClCompile Include="C:\UtilsAndLs\fuzzylite-6.0\fuzzylite\src\factory\HedgeFactory.cpp">
      <Filter>FuzzyLib</Filter>
    </ClCompile>
    <ClCompile Include="C:\UtilsAndLs\fuzzylite-6.0\fuzzylite\src\hedge\HedgeFunction.cpp">
      <Filter>FuzzyLib</Filter>
    </ClCompile>
    <ClCompile Include="C:\UtilsAndLs\fuzzylite-6.0\fuzzylite\src\activation\Highest.cpp">
      <Filter>FuzzyLib</Filter>
    </ClCompile>
    <ClCompile Include="C:\UtilsAndLs\fuzzylite-6.0\fuzzylite\src\imex\Importer.cpp">
      <Filter>FuzzyLib</Filter>
    </ClCompile>
    <ClCompile Include="C:\UtilsAndLs\fuzzylite-6.0\fuzzylite\src\variable\InputVariable.cpp">
      <Filter>FuzzyLib</Filter>
    </ClCompile>
    <ClCompile Include="C:\UtilsAndLs\fuzzylite-6.0\fuzzylite\src\defuzzifier\IntegralDefuzzifier.cpp">
      <Filter>FuzzyLib</Filter>
    </ClCompile>
    <ClCompile Include="C:\UtilsAndLs\fuzzylite-6.0\fuzzylite\src\imex\JavaExporter.cpp">
      <Filter>FuzzyLib</Filter>
    </ClCompile>
    <ClCompile Include="C:\UtilsAndLs\fuzzylite-6.0\fuzzylite\src\defuzzifier\LargestOfMaximum.cpp">
      <Filter>FuzzyLib</Filter>
    </ClCompile>
    <ClCompile Include="C:\UtilsAndLs\fuzzylite-6.0\fuzzylite\src\activation\Last.cpp">
      <Filter>FuzzyLib</Filter>
    </ClCompile>
    <ClCompile Include="C:\UtilsAndLs\fuzzylite-6.0\fuzzylite\src\term\Linear.cpp">
      <Filter>FuzzyLib</Filter>
    </ClCompile>
    <ClCompile Include="C:\UtilsAndLs\fuzzylite-6.0\fuzzylite\src\activation\Lowest.cpp">
      <Filter>FuzzyLib</Filter>
    </ClCompile>
    <ClCompile Include="C:\UtilsAndLs\fuzzylite-6.0\fuzzylite\src\norm\s\Maximum.cpp">
      <Filter>FuzzyLib</Filter>
    </ClCompile>
    <ClCompile Include="C:\UtilsAndLs\fuzzylite-6.0\fuzzylite\src\defuzzifier\MeanOfMaximum.cpp">
      <Filter>FuzzyLib</Filter>
    </ClCompile>
    <ClCompile Include="C:\UtilsAndLs\fuzzylite-6.0\fuzzylite\src\norm\t\Minimum.cpp">
      <Filter>FuzzyLib</Filter>
    </ClCompile>
    <ClCompile Include="C:\UtilsAndLs\fuzzylite-6.0\fuzzylite\src\norm\s\NilpotentMaximum.cpp">
      <Filter>FuzzyLib</Filter>
    </ClCompile>
    <ClCompile Include="C:\UtilsAndLs\fuzzylite-6.0\fuzzylite\src\norm\t\NilpotentMinimum.cpp">
      <Filter>FuzzyLib</Filter>
    </ClCompile>
    <ClCompile Include="C:\UtilsAndLs\fuzzylite-6.0\fuzzylite\src\norm\s\NormalizedSum.cpp">
      <Filter>FuzzyLib</Filter>
    </ClCompile>
    <ClCompile Include="C:\UtilsAndLs\fuzzylite-6.0\fuzzylite\src\hedge\Not.cpp">
      <Filter>FuzzyLib</Filter>
    </ClCompile>
    <ClCompile Include="C:\UtilsAndLs\fuzzylite-6.0\fuzzylite\src\variable\OutputVariable.cpp">
      <Filter>FuzzyLib</Filter>
    </ClCompile>
    <ClCompile Include="C:\UtilsAndLs\fuzzylite-6.0\fuzzylite\src\term\PiShape.cpp">
      <Filter>FuzzyLib</Filter>
    </ClCompile>
    <ClCompile Include="C:\UtilsAndLs\fuzzylite-6.0\fuzzylite\src\activation\Proportional.cpp">
      <Filter>FuzzyLib</Filter>
    </ClCompile>
    <ClCompile Include="C:\UtilsAndLs\fuzzylite-6.0\fuzzylite\src\term\Ramp.cpp">
      <Filter>FuzzyLib</Filter>
    </ClCompile>
    <ClCompile Include="C:\UtilsAndLs\fuzzylite-6.0\fuzzylite\src\term\Rectangle.cpp">
      <Filter>FuzzyLib</Filter>
    </ClCompile>
    <ClCompile Include="C:\UtilsAndLs\fuzzylite-6.0\fuzzylite\src\imex\RScriptExporter.cpp">
      <Filter>FuzzyLib</Filter>
    </ClCompile>
    <ClCompile Include="C:\UtilsAndLs\fuzzylite-6.0\fuzzylite\src\rule\Rule.cpp">
      <Filter>FuzzyLib</Filter>
    </ClCompile>
    <ClCompile Include="C:\UtilsAndLs\fuzzylite-6.0\fuzzylite\src\rule\RuleBlock.cpp">
      <Filter>FuzzyLib</Filter>
    </ClCompile>
    <ClCompile Include="C:\UtilsAndLs\fuzzylite-6.0\fuzzylite\src\hedge\Seldom.cpp">
      <Filter>FuzzyLib</Filter>
    </ClCompile>
    <ClCompile Include="C:\UtilsAndLs\fuzzylite-6.0\fuzzylite\src\term\Sigmoid.cpp">
      <Filter>FuzzyLib</Filter>
    </ClCompile>
    <ClCompile Include="C:\UtilsAndLs\fuzzylite-6.0\fuzzylite\src\term\SigmoidDifference.cpp">
      <Filter>FuzzyLib</Filter>
    </ClCompile>
    <ClCompile Include="C:\UtilsAndLs\fuzzylite-6.0\fuzzylite\src\term\SigmoidProduct.cpp">
      <Filter>FuzzyLib</Filter>
    </ClCompile>
    <ClCompile Include="C:\UtilsAndLs\fuzzylite-6.0\fuzzylite\src\defuzzifier\SmallestOfMaximum.cpp">
      <Filter>FuzzyLib</Filter>
    </ClCompile>
    <ClCompile Include="C:\UtilsAndLs\fuzzylite-6.0\fuzzylite\src\factory\SNormFactory.cpp">
      <Filter>FuzzyLib</Filter>
    </ClCompile>
    <ClCompile Include="C:\UtilsAndLs\fuzzylite-6.0\fuzzylite\src\norm\s\SNormFunction.cpp">
      <Filter>FuzzyLib</Filter>
    </ClCompile>
    <ClCompile Include="C:\UtilsAndLs\fuzzylite-6.0\fuzzylite\src\hedge\Somewhat.cpp">
      <Filter>FuzzyLib</Filter>
    </ClCompile>
    <ClCompile Include="C:\UtilsAndLs\fuzzylite-6.0\fuzzylite\src\term\Spike.cpp">
      <Filter>FuzzyLib</Filter>
    </ClCompile>
    <ClCompile Include="C:\UtilsAndLs\fuzzylite-6.0\fuzzylite\src\term\SShape.cpp">
      <Filter>FuzzyLib</Filter>
    </ClCompile>
    <ClCompile Include="C:\UtilsAndLs\fuzzylite-6.0\fuzzylite\src\term\Term.cpp">
      <Filter>FuzzyLib</Filter>
    </ClCompile>
    <ClCompile Include="C:\UtilsAndLs\fuzzylite-6.0\fuzzylite\src\factory\TermFactory.cpp">
      <Filter>FuzzyLib</Filter>
    </ClCompile>
    <ClCompile Include="C:\UtilsAndLs\fuzzylite-6.0\fuzzylite\src\activation\Threshold.cpp">
      <Filter>FuzzyLib</Filter>
    </ClCompile>
    <ClCompile Include="C:\UtilsAndLs\fuzzylite-6.0\fuzzylite\src\factory\TNormFactory.cpp">
      <Filter>FuzzyLib</Filter>
    </ClCompile>
    <ClCompile Include="C:\UtilsAndLs\fuzzylite-6.0\fuzzylite\src\norm\t\TNormFunction.cpp">
      <Filter>FuzzyLib</Filter>
    </ClCompile>
    <ClCompile Include="C:\UtilsAndLs\fuzzylite-6.0\fuzzylite\src\term\Trapezoid.cpp">
      <Filter>FuzzyLib</Filter>
    </ClCompile>
    <ClCompile Include="C:\UtilsAndLs\fuzzylite-6.0\fuzzylite\src\term\Triangle.cpp">
      <Filter>FuzzyLib</Filter>
    </ClCompile>
    <ClCompile Include="C:\UtilsAndLs\fuzzylite-6.0\fuzzylite\src\norm\s\UnboundedSum.cpp">
      <Filter>FuzzyLib</Filter>
    </ClCompile>
    <ClCompile Include="C:\UtilsAndLs\fuzzylite-6.0\fuzzylite\src\variable\Variable.cpp">
      <Filter>FuzzyLib</Filter>
    </ClCompile>
    <ClCompile Include="C:\UtilsAndLs\fuzzylite-6.0\fuzzylite\src\hedge\Very.cpp">
      <Filter>FuzzyLib</Filter>
    </ClCompile>
    <ClCompile Include="C:\UtilsAndLs\fuzzylite-6.0\fuzzylite\src\defuzzifier\WeightedAverage.cpp">
      <Filter>FuzzyLib</Filter>
    </ClCompile>
    <ClCompile Include="C:\UtilsAndLs\fuzzylite-6.0\fuzzylite\src\defuzzifier\WeightedAverageCustom.cpp">
      <Filter>FuzzyLib</Filter>
    </ClCompile>
    <ClCompile Include="C:\UtilsAndLs\fuzzylite-6.0\fuzzylite\src\defuzzifier\WeightedDefuzzifier.cpp">
      <Filter>FuzzyLib</Filter>
    </ClCompile>
    <ClCompile Include="C:\UtilsAndLs\fuzzylite-6.0\fuzzylite\src\defuzzifier\WeightedSum.cpp">
      <Filter>FuzzyLib</Filter>
    </ClCompile>
    <ClCompile Include="C:\UtilsAndLs\fuzzylite-6.0\fuzzylite\src\defuzzifier\WeightedSumCustom.cpp">
      <Filter>FuzzyLib</Filter>
    </ClCompile>
    <ClCompile Include="C:\UtilsAndLs\fuzzylite-6.0\fuzzylite\src\term\ZShape.cpp">
      <Filter>FuzzyLib</Filter>
    </ClCompile>
    <ClCompile Include="C:\UtilsAndLs\fuzzylite-6.0\fuzzylite\src\main.cpp">
      <Filter>FuzzyLib</Filter>
    </ClCompile>
  </ItemGroup>
  <ItemGroup>
    <ClInclude Include="gen_pars.h" />
    <ClInclude Include="manu_fuzzy_logic.h" />
    <ClInclude Include="robot_AI.h" />
    <ClInclude Include="MapDraw.h" />
    <ClInclude Include="Whole_map.h" />
  </ItemGroup>
  <ItemGroup>
    <Filter Include="FuzzyLib">
      <UniqueIdentifier>{8ff56708-b36c-49c3-b9a1-73e8b21a02da}</UniqueIdentifier>
    </Filter>
  </ItemGroup>
</Project>